
Microsoft Visual Studio Solution File, Format Version 12.00
# Visual Studio Version 17
VisualStudioVersion = 17.4.33122.133
MinimumVisualStudioVersion = 10.0.40219.1
Project("{FAE04EC0-301F-11D3-BF4B-00C04F79EFBC}") = "TechStore.Server", "TechStore\Server\TechStore.Server.csproj", "{67E6DCD1-45BB-4196-B9E9-3C57CAD36130}"
EndProject
Project("{FAE04EC0-301F-11D3-BF4B-00C04F79EFBC}") = "TechStore.Client", "TechStore\Client\TechStore.Client.csproj", "{CDA92FC4-7F24-44AA-8FD6-C54DDF36D996}"
EndProject
Project("{FAE04EC0-301F-11D3-BF4B-00C04F79EFBC}") = "TechStore.Shared", "TechStore\Shared\TechStore.Shared.csproj", "{E805009C-4E29-4988-A356-FC4AFF7E07B2}"
EndProject
Global
	GlobalSection(SolutionConfigurationPlatforms) = preSolution
		Debug|Any CPU = Debug|Any CPU
		Release|Any CPU = Release|Any CPU
	EndGlobalSection
	GlobalSection(ProjectConfigurationPlatforms) = postSolution
		{67E6DCD1-45BB-4196-B9E9-3C57CAD36130}.Debug|Any CPU.ActiveCfg = Debug|Any CPU
		{67E6DCD1-45BB-4196-B9E9-3C57CAD36130}.Debug|Any CPU.Build.0 = Debug|Any CPU
		{67E6DCD1-45BB-4196-B9E9-3C57CAD36130}.Release|Any CPU.ActiveCfg = Release|Any CPU
		{67E6DCD1-45BB-4196-B9E9-3C57CAD36130}.Release|Any CPU.Build.0 = Release|Any CPU
		{CDA92FC4-7F24-44AA-8FD6-C54DDF36D996}.Debug|Any CPU.ActiveCfg = Debug|Any CPU
		{CDA92FC4-7F24-44AA-8FD6-C54DDF36D996}.Debug|Any CPU.Build.0 = Debug|Any CPU
		{CDA92FC4-7F24-44AA-8FD6-C54DDF36D996}.Release|Any CPU.ActiveCfg = Release|Any CPU
		{CDA92FC4-7F24-44AA-8FD6-C54DDF36D996}.Release|Any CPU.Build.0 = Release|Any CPU
		{E805009C-4E29-4988-A356-FC4AFF7E07B2}.Debug|Any CPU.ActiveCfg = Debug|Any CPU
		{E805009C-4E29-4988-A356-FC4AFF7E07B2}.Debug|Any CPU.Build.0 = Debug|Any CPU
		{E805009C-4E29-4988-A356-FC4AFF7E07B2}.Release|Any CPU.ActiveCfg = Release|Any CPU
		{E805009C-4E29-4988-A356-FC4AFF7E07B2}.Release|Any CPU.Build.0 = Release|Any CPU
	EndGlobalSection
	GlobalSection(SolutionProperties) = preSolution
		HideSolutionNode = FALSE
	EndGlobalSection
	GlobalSection(ExtensibilityGlobals) = postSolution
		SolutionGuid = {A1872B8B-589C-4361-99C9-8BD58C8AD8FF}
	EndGlobalSection
EndGlobal
